
Microsoft Visual Studio Solution File, Format Version 12.00
# Visual Studio Version 17
VisualStudioVersion = 17.11.35222.181
MinimumVisualStudioVersion = 10.0.40219.1
Project("{9A19103F-16F7-4668-BE54-9A1E7A4F7556}") = "OrchestrationFunctionApp", "OrchestrationFunctionApp\OrchestrationFunctionApp.csproj", "{564D1858-9B86-4CBF-8B58-D0248F1D3174}"
EndProject
Global
	GlobalSection(SolutionConfigurationPlatforms) = preSolution
		Debug|Any CPU = Debug|Any CPU
		Release|Any CPU = Release|Any CPU
	EndGlobalSection
	GlobalSection(ProjectConfigurationPlatforms) = postSolution
		{564D1858-9B86-4CBF-8B58-D0248F1D3174}.Debug|Any CPU.ActiveCfg = Debug|Any CPU
		{564D1858-9B86-4CBF-8B58-D0248F1D3174}.Debug|Any CPU.Build.0 = Debug|Any CPU
		{564D1858-9B86-4CBF-8B58-D0248F1D3174}.Release|Any CPU.ActiveCfg = Release|Any CPU
		{564D1858-9B86-4CBF-8B58-D0248F1D3174}.Release|Any CPU.Build.0 = Release|Any CPU
	EndGlobalSection
	GlobalSection(SolutionProperties) = preSolution
		HideSolutionNode = FALSE
	EndGlobalSection
	GlobalSection(ExtensibilityGlobals) = postSolution
		SolutionGuid = {7AEB3CFA-9F5E-446F-A3CC-55CA63ED7522}
	EndGlobalSection
EndGlobal
